
Microsoft Visual Studio Solution File, Format Version 12.00
# Visual Studio 15
VisualStudioVersion = 15.0.26430.4
MinimumVisualStudioVersion = 10.0.40219.1
Project("{FAE04EC0-301F-11D3-BF4B-00C04F79EFBC}") = "DataImporter.Framework", "DataImporter.Framework\DataImporter.Framework.csproj", "{7E99C9B9-DD74-4B73-8AE9-3497B8482AA2}"
EndProject
Project("{FAE04EC0-301F-11D3-BF4B-00C04F79EFBC}") = "ZohoImporter", "ZohoImporter\ZohoImporter.csproj", "{FFF5AFF3-1FC9-4AEC-AD5B-33A9F8BDCA2C}"
EndProject
Project("{2150E333-8FDC-42A3-9474-1A3956D46DE8}") = "test", "test", "{503BE148-AC58-4A33-B651-55575F35BB0A}"
EndProject
Project("{FAE04EC0-301F-11D3-BF4B-00C04F79EFBC}") = "SMTPTest", "Test\SMTPTest\SMTPTest.csproj", "{00D65E4C-9AA6-4195-B93D-65CD2397153D}"
EndProject
Global
	GlobalSection(SolutionConfigurationPlatforms) = preSolution
		Debug|Any CPU = Debug|Any CPU
		Release|Any CPU = Release|Any CPU
	EndGlobalSection
	GlobalSection(ProjectConfigurationPlatforms) = postSolution
		{7E99C9B9-DD74-4B73-8AE9-3497B8482AA2}.Debug|Any CPU.ActiveCfg = Debug|Any CPU
		{7E99C9B9-DD74-4B73-8AE9-3497B8482AA2}.Debug|Any CPU.Build.0 = Debug|Any CPU
		{7E99C9B9-DD74-4B73-8AE9-3497B8482AA2}.Release|Any CPU.ActiveCfg = Release|Any CPU
		{7E99C9B9-DD74-4B73-8AE9-3497B8482AA2}.Release|Any CPU.Build.0 = Release|Any CPU
		{FFF5AFF3-1FC9-4AEC-AD5B-33A9F8BDCA2C}.Debug|Any CPU.ActiveCfg = Debug|Any CPU
		{FFF5AFF3-1FC9-4AEC-AD5B-33A9F8BDCA2C}.Debug|Any CPU.Build.0 = Debug|Any CPU
		{FFF5AFF3-1FC9-4AEC-AD5B-33A9F8BDCA2C}.Release|Any CPU.ActiveCfg = Release|Any CPU
		{FFF5AFF3-1FC9-4AEC-AD5B-33A9F8BDCA2C}.Release|Any CPU.Build.0 = Release|Any CPU
		{00D65E4C-9AA6-4195-B93D-65CD2397153D}.Debug|Any CPU.ActiveCfg = Debug|Any CPU
		{00D65E4C-9AA6-4195-B93D-65CD2397153D}.Debug|Any CPU.Build.0 = Debug|Any CPU
		{00D65E4C-9AA6-4195-B93D-65CD2397153D}.Release|Any CPU.ActiveCfg = Release|Any CPU
		{00D65E4C-9AA6-4195-B93D-65CD2397153D}.Release|Any CPU.Build.0 = Release|Any CPU
	EndGlobalSection
	GlobalSection(SolutionProperties) = preSolution
		HideSolutionNode = FALSE
	EndGlobalSection
	GlobalSection(NestedProjects) = preSolution
		{00D65E4C-9AA6-4195-B93D-65CD2397153D} = {503BE148-AC58-4A33-B651-55575F35BB0A}
	EndGlobalSection
EndGlobal
