
Microsoft Visual Studio Solution File, Format Version 12.00
# Visual Studio 15
VisualStudioVersion = 15.0.26730.12
MinimumVisualStudioVersion = 10.0.40219.1
Project("{9A19103F-16F7-4668-BE54-9A1E7A4F7556}") = "DataImporter.Framework", "DataImporter.Framework\DataImporter.Framework.csproj", "{7E99C9B9-DD74-4B73-8AE9-3497B8482AA2}"
EndProject
Project("{9A19103F-16F7-4668-BE54-9A1E7A4F7556}") = "ZohoImporter", "ZohoImporter\ZohoImporter.csproj", "{FFF5AFF3-1FC9-4AEC-AD5B-33A9F8BDCA2C}"
	ProjectSection(ProjectDependencies) = postProject
		{64F24C03-BAC9-4958-BBCE-94562A5C8891} = {64F24C03-BAC9-4958-BBCE-94562A5C8891}
		{5574A4F9-A9DA-429A-A1F8-3D419BDBD4F6} = {5574A4F9-A9DA-429A-A1F8-3D419BDBD4F6}
	EndProjectSection
EndProject
Project("{2150E333-8FDC-42A3-9474-1A3956D46DE8}") = "test", "test", "{503BE148-AC58-4A33-B651-55575F35BB0A}"
EndProject
Project("{9A19103F-16F7-4668-BE54-9A1E7A4F7556}") = "SMTPTest", "Test\SMTPTest\SMTPTest.csproj", "{00D65E4C-9AA6-4195-B93D-65CD2397153D}"
EndProject
Project("{9A19103F-16F7-4668-BE54-9A1E7A4F7556}") = "ZohoCRMProxy", "..\..\ZohoProxy\ZohoCRMProxyMultiTarget\ZohoCRMProxy\ZohoCRMProxy\ZohoCRMProxy.csproj", "{5574A4F9-A9DA-429A-A1F8-3D419BDBD4F6}"
EndProject
Project("{9A19103F-16F7-4668-BE54-9A1E7A4F7556}") = "SharedLibrary", "..\..\ZohoProxy\ZohoCRMProxyMultiTarget\SharedLibrary\SharedLibrary.csproj", "{64F24C03-BAC9-4958-BBCE-94562A5C8891}"
EndProject
Project("{9A19103F-16F7-4668-BE54-9A1E7A4F7556}") = "MyobCoreProxy", "..\..\MyobProxy\MyobCoreProxy\MyobCoreProxy.csproj", "{B6C8F154-5D8C-4EEE-B228-C86D1C02A20F}"
EndProject
Global
	GlobalSection(SolutionConfigurationPlatforms) = preSolution
		Debug|Any CPU = Debug|Any CPU
		Release|Any CPU = Release|Any CPU
	EndGlobalSection
	GlobalSection(ProjectConfigurationPlatforms) = postSolution
		{7E99C9B9-DD74-4B73-8AE9-3497B8482AA2}.Debug|Any CPU.ActiveCfg = Debug|Any CPU
		{7E99C9B9-DD74-4B73-8AE9-3497B8482AA2}.Debug|Any CPU.Build.0 = Debug|Any CPU
		{7E99C9B9-DD74-4B73-8AE9-3497B8482AA2}.Release|Any CPU.ActiveCfg = Release|Any CPU
		{7E99C9B9-DD74-4B73-8AE9-3497B8482AA2}.Release|Any CPU.Build.0 = Release|Any CPU
		{FFF5AFF3-1FC9-4AEC-AD5B-33A9F8BDCA2C}.Debug|Any CPU.ActiveCfg = Debug|Any CPU
		{FFF5AFF3-1FC9-4AEC-AD5B-33A9F8BDCA2C}.Debug|Any CPU.Build.0 = Debug|Any CPU
		{FFF5AFF3-1FC9-4AEC-AD5B-33A9F8BDCA2C}.Release|Any CPU.ActiveCfg = Release|Any CPU
		{FFF5AFF3-1FC9-4AEC-AD5B-33A9F8BDCA2C}.Release|Any CPU.Build.0 = Release|Any CPU
		{00D65E4C-9AA6-4195-B93D-65CD2397153D}.Debug|Any CPU.ActiveCfg = Debug|Any CPU
		{00D65E4C-9AA6-4195-B93D-65CD2397153D}.Debug|Any CPU.Build.0 = Debug|Any CPU
		{00D65E4C-9AA6-4195-B93D-65CD2397153D}.Release|Any CPU.ActiveCfg = Release|Any CPU
		{00D65E4C-9AA6-4195-B93D-65CD2397153D}.Release|Any CPU.Build.0 = Release|Any CPU
		{5574A4F9-A9DA-429A-A1F8-3D419BDBD4F6}.Debug|Any CPU.ActiveCfg = Debug|Any CPU
		{5574A4F9-A9DA-429A-A1F8-3D419BDBD4F6}.Debug|Any CPU.Build.0 = Debug|Any CPU
		{5574A4F9-A9DA-429A-A1F8-3D419BDBD4F6}.Release|Any CPU.ActiveCfg = Release|Any CPU
		{5574A4F9-A9DA-429A-A1F8-3D419BDBD4F6}.Release|Any CPU.Build.0 = Release|Any CPU
		{64F24C03-BAC9-4958-BBCE-94562A5C8891}.Debug|Any CPU.ActiveCfg = Debug|Any CPU
		{64F24C03-BAC9-4958-BBCE-94562A5C8891}.Debug|Any CPU.Build.0 = Debug|Any CPU
		{64F24C03-BAC9-4958-BBCE-94562A5C8891}.Release|Any CPU.ActiveCfg = Release|Any CPU
		{64F24C03-BAC9-4958-BBCE-94562A5C8891}.Release|Any CPU.Build.0 = Release|Any CPU
		{B6C8F154-5D8C-4EEE-B228-C86D1C02A20F}.Debug|Any CPU.ActiveCfg = Debug|Any CPU
		{B6C8F154-5D8C-4EEE-B228-C86D1C02A20F}.Debug|Any CPU.Build.0 = Debug|Any CPU
		{B6C8F154-5D8C-4EEE-B228-C86D1C02A20F}.Release|Any CPU.ActiveCfg = Release|Any CPU
		{B6C8F154-5D8C-4EEE-B228-C86D1C02A20F}.Release|Any CPU.Build.0 = Release|Any CPU
	EndGlobalSection
	GlobalSection(SolutionProperties) = preSolution
		HideSolutionNode = FALSE
	EndGlobalSection
	GlobalSection(NestedProjects) = preSolution
		{00D65E4C-9AA6-4195-B93D-65CD2397153D} = {503BE148-AC58-4A33-B651-55575F35BB0A}
	EndGlobalSection
	GlobalSection(ExtensibilityGlobals) = postSolution
		SolutionGuid = {BA9702AC-8D65-4944-B113-490D400E90B0}
	EndGlobalSection
EndGlobal
